// !$*UTF8*$!
{
	archiveVersion = 1;
	classes = {
	};
	objectVersion = 46;
	objects = {

/* Begin PBXBuildFile section */
		453158F61940EF4100037838 /* StringExtensions.swift in Sources */ = {isa = PBXBuildFile; fileRef = 453158F51940EF4100037838 /* StringExtensions.swift */; };
		C715556519428D12004BC4BB /* ArrayExtensions.swift in Sources */ = {isa = PBXBuildFile; fileRef = C715556419428D12004BC4BB /* ArrayExtensions.swift */; };
		C7EDA2DA193E430C0048EAF3 /* IntExtensionsTests.swift in Sources */ = {isa = PBXBuildFile; fileRef = C7EDA2D9193E430C0048EAF3 /* IntExtensionsTests.swift */; };
		C7EDA2E9193E44390048EAF3 /* AppDelegate.swift in Sources */ = {isa = PBXBuildFile; fileRef = C7EDA2E4193E44390048EAF3 /* AppDelegate.swift */; };
		C7EDA2EA193E44390048EAF3 /* Images.xcassets in Resources */ = {isa = PBXBuildFile; fileRef = C7EDA2E6193E44390048EAF3 /* Images.xcassets */; };
		C7EDA31C193E48CC0048EAF3 /* IntExtensions.swift in Sources */ = {isa = PBXBuildFile; fileRef = C7EDA2ED193E44500048EAF3 /* IntExtensions.swift */; };
/* End PBXBuildFile section */

/* Begin PBXContainerItemProxy section */
		C7EDA2D4193E430C0048EAF3 /* PBXContainerItemProxy */ = {
			isa = PBXContainerItemProxy;
			containerPortal = C7EDA2BE193E430C0048EAF3 /* Project object */;
			proxyType = 1;
			remoteGlobalIDString = C7EDA2C5193E430C0048EAF3;
			remoteInfo = SwiftSugar;
		};
/* End PBXContainerItemProxy section */

/* Begin PBXFileReference section */
		453158F51940EF4100037838 /* StringExtensions.swift */ = {isa = PBXFileReference; fileEncoding = 4; lastKnownFileType = sourcecode.swift; path = StringExtensions.swift; sourceTree = "<group>"; };
		C715556419428D12004BC4BB /* ArrayExtensions.swift */ = {isa = PBXFileReference; fileEncoding = 4; lastKnownFileType = sourcecode.swift; path = ArrayExtensions.swift; sourceTree = "<group>"; };
		C7EDA2C6193E430C0048EAF3 /* SwiftSugar.app */ = {isa = PBXFileReference; explicitFileType = wrapper.application; includeInIndex = 0; path = SwiftSugar.app; sourceTree = BUILT_PRODUCTS_DIR; };
		C7EDA2D3193E430C0048EAF3 /* SwiftSugarTests.xctest */ = {isa = PBXFileReference; explicitFileType = wrapper.cfbundle; includeInIndex = 0; path = SwiftSugarTests.xctest; sourceTree = BUILT_PRODUCTS_DIR; };
		C7EDA2D8193E430C0048EAF3 /* Info.plist */ = {isa = PBXFileReference; lastKnownFileType = text.plist.xml; path = Info.plist; sourceTree = "<group>"; };
		C7EDA2D9193E430C0048EAF3 /* IntExtensionsTests.swift */ = {isa = PBXFileReference; lastKnownFileType = sourcecode.swift; path = IntExtensionsTests.swift; sourceTree = "<group>"; };
		C7EDA2E4193E44390048EAF3 /* AppDelegate.swift */ = {isa = PBXFileReference; fileEncoding = 4; lastKnownFileType = sourcecode.swift; path = AppDelegate.swift; sourceTree = "<group>"; };
		C7EDA2E6193E44390048EAF3 /* Images.xcassets */ = {isa = PBXFileReference; lastKnownFileType = folder.assetcatalog; path = Images.xcassets; sourceTree = "<group>"; };
		C7EDA2E8193E44390048EAF3 /* Info.plist */ = {isa = PBXFileReference; fileEncoding = 4; lastKnownFileType = text.plist.xml; path = Info.plist; sourceTree = "<group>"; };
		C7EDA2ED193E44500048EAF3 /* IntExtensions.swift */ = {isa = PBXFileReference; fileEncoding = 4; lastKnownFileType = sourcecode.swift; path = IntExtensions.swift; sourceTree = "<group>"; };
/* End PBXFileReference section */

/* Begin PBXFrameworksBuildPhase section */
		C7EDA2C3193E430C0048EAF3 /* Frameworks */ = {
			isa = PBXFrameworksBuildPhase;
			buildActionMask = 2147483647;
			files = (
			);
			runOnlyForDeploymentPostprocessing = 0;
		};
		C7EDA2D0193E430C0048EAF3 /* Frameworks */ = {
			isa = PBXFrameworksBuildPhase;
			buildActionMask = 2147483647;
			files = (
			);
			runOnlyForDeploymentPostprocessing = 0;
		};
/* End PBXFrameworksBuildPhase section */

/* Begin PBXGroup section */
		C7EDA2BD193E430C0048EAF3 = {
			isa = PBXGroup;
			children = (
				C7EDA2C8193E430C0048EAF3 /* SwiftSugar */,
				C7EDA2D6193E430C0048EAF3 /* SwiftSugarTests */,
				C7EDA2C7193E430C0048EAF3 /* Products */,
			);
			sourceTree = "<group>";
		};
		C7EDA2C7193E430C0048EAF3 /* Products */ = {
			isa = PBXGroup;
			children = (
				C7EDA2C6193E430C0048EAF3 /* SwiftSugar.app */,
				C7EDA2D3193E430C0048EAF3 /* SwiftSugarTests.xctest */,
			);
			name = Products;
			sourceTree = "<group>";
		};
		C7EDA2C8193E430C0048EAF3 /* SwiftSugar */ = {
			isa = PBXGroup;
			children = (
				C7EDA2EC193E44460048EAF3 /* SwiftSugar */,
				C7EDA2E3193E44390048EAF3 /* AppDelegate */,
				C7EDA2E5193E44390048EAF3 /* Resources */,
				C7EDA2E7193E44390048EAF3 /* Supporting Files */,
			);
			path = SwiftSugar;
			sourceTree = "<group>";
		};
		C7EDA2D6193E430C0048EAF3 /* SwiftSugarTests */ = {
			isa = PBXGroup;
			children = (
				C7EDA2D9193E430C0048EAF3 /* IntExtensionsTests.swift */,
				C7EDA2D7193E430C0048EAF3 /* Supporting Files */,
			);
			path = SwiftSugarTests;
			sourceTree = "<group>";
		};
		C7EDA2D7193E430C0048EAF3 /* Supporting Files */ = {
			isa = PBXGroup;
			children = (
				C7EDA2D8193E430C0048EAF3 /* Info.plist */,
			);
			name = "Supporting Files";
			sourceTree = "<group>";
		};
		C7EDA2E3193E44390048EAF3 /* AppDelegate */ = {
			isa = PBXGroup;
			children = (
				C7EDA2E4193E44390048EAF3 /* AppDelegate.swift */,
			);
			path = AppDelegate;
			sourceTree = "<group>";
		};
		C7EDA2E5193E44390048EAF3 /* Resources */ = {
			isa = PBXGroup;
			children = (
				C7EDA2E6193E44390048EAF3 /* Images.xcassets */,
			);
			path = Resources;
			sourceTree = "<group>";
		};
		C7EDA2E7193E44390048EAF3 /* Supporting Files */ = {
			isa = PBXGroup;
			children = (
				C7EDA2E8193E44390048EAF3 /* Info.plist */,
			);
			path = "Supporting Files";
			sourceTree = "<group>";
		};
		C7EDA2EC193E44460048EAF3 /* SwiftSugar */ = {
			isa = PBXGroup;
			children = (
				C7EDA2ED193E44500048EAF3 /* IntExtensions.swift */,
				C715556419428D12004BC4BB /* ArrayExtensions.swift */,
				453158F51940EF4100037838 /* StringExtensions.swift */,
			);
			path = SwiftSugar;
			sourceTree = "<group>";
		};
/* End PBXGroup section */

/* Begin PBXNativeTarget section */
		C7EDA2C5193E430C0048EAF3 /* SwiftSugar */ = {
			isa = PBXNativeTarget;
			buildConfigurationList = C7EDA2DD193E430C0048EAF3 /* Build configuration list for PBXNativeTarget "SwiftSugar" */;
			buildPhases = (
				C7EDA2C2193E430C0048EAF3 /* Sources */,
				C7EDA2C3193E430C0048EAF3 /* Frameworks */,
				C7EDA2C4193E430C0048EAF3 /* Resources */,
			);
			buildRules = (
			);
			dependencies = (
			);
			name = SwiftSugar;
			productName = SwiftSugar;
			productReference = C7EDA2C6193E430C0048EAF3 /* SwiftSugar.app */;
			productType = "com.apple.product-type.application";
		};
		C7EDA2D2193E430C0048EAF3 /* SwiftSugarTests */ = {
			isa = PBXNativeTarget;
			buildConfigurationList = C7EDA2E0193E430C0048EAF3 /* Build configuration list for PBXNativeTarget "SwiftSugarTests" */;
			buildPhases = (
				C7EDA2CF193E430C0048EAF3 /* Sources */,
				C7EDA2D0193E430C0048EAF3 /* Frameworks */,
				C7EDA2D1193E430C0048EAF3 /* Resources */,
			);
			buildRules = (
			);
			dependencies = (
				C7EDA2D5193E430C0048EAF3 /* PBXTargetDependency */,
			);
			name = SwiftSugarTests;
			productName = SwiftSugarTests;
			productReference = C7EDA2D3193E430C0048EAF3 /* SwiftSugarTests.xctest */;
			productType = "com.apple.product-type.bundle.unit-test";
		};
/* End PBXNativeTarget section */

/* Begin PBXProject section */
		C7EDA2BE193E430C0048EAF3 /* Project object */ = {
			isa = PBXProject;
			attributes = {
				LastUpgradeCheck = 0600;
				ORGANIZATIONNAME = SF;
				TargetAttributes = {
					C7EDA2C5193E430C0048EAF3 = {
						CreatedOnToolsVersion = 6.0;
					};
					C7EDA2D2193E430C0048EAF3 = {
						CreatedOnToolsVersion = 6.0;
						TestTargetID = C7EDA2C5193E430C0048EAF3;
					};
				};
			};
			buildConfigurationList = C7EDA2C1193E430C0048EAF3 /* Build configuration list for PBXProject "SwiftSugar" */;
			compatibilityVersion = "Xcode 3.2";
			developmentRegion = English;
			hasScannedForEncodings = 0;
			knownRegions = (
				en,
			);
			mainGroup = C7EDA2BD193E430C0048EAF3;
			productRefGroup = C7EDA2C7193E430C0048EAF3 /* Products */;
			projectDirPath = "";
			projectRoot = "";
			targets = (
				C7EDA2C5193E430C0048EAF3 /* SwiftSugar */,
				C7EDA2D2193E430C0048EAF3 /* SwiftSugarTests */,
			);
		};
/* End PBXProject section */

/* Begin PBXResourcesBuildPhase section */
		C7EDA2C4193E430C0048EAF3 /* Resources */ = {
			isa = PBXResourcesBuildPhase;
			buildActionMask = 2147483647;
			files = (
				C7EDA2EA193E44390048EAF3 /* Images.xcassets in Resources */,
			);
			runOnlyForDeploymentPostprocessing = 0;
		};
		C7EDA2D1193E430C0048EAF3 /* Resources */ = {
			isa = PBXResourcesBuildPhase;
			buildActionMask = 2147483647;
			files = (
			);
			runOnlyForDeploymentPostprocessing = 0;
		};
/* End PBXResourcesBuildPhase section */

/* Begin PBXSourcesBuildPhase section */
		C7EDA2C2193E430C0048EAF3 /* Sources */ = {
			isa = PBXSourcesBuildPhase;
			buildActionMask = 2147483647;
			files = (
				453158F61940EF4100037838 /* StringExtensions.swift in Sources */,
				C7EDA2E9193E44390048EAF3 /* AppDelegate.swift in Sources */,
				C715556519428D12004BC4BB /* ArrayExtensions.swift in Sources */,
			);
			runOnlyForDeploymentPostprocessing = 0;
		};
		C7EDA2CF193E430C0048EAF3 /* Sources */ = {
			isa = PBXSourcesBuildPhase;
			buildActionMask = 2147483647;
			files = (
				C7EDA2DA193E430C0048EAF3 /* IntExtensionsTests.swift in Sources */,
				C7EDA31C193E48CC0048EAF3 /* IntExtensions.swift in Sources */,
			);
			runOnlyForDeploymentPostprocessing = 0;
		};
/* End PBXSourcesBuildPhase section */

/* Begin PBXTargetDependency section */
		C7EDA2D5193E430C0048EAF3 /* PBXTargetDependency */ = {
			isa = PBXTargetDependency;
			target = C7EDA2C5193E430C0048EAF3 /* SwiftSugar */;
			targetProxy = C7EDA2D4193E430C0048EAF3 /* PBXContainerItemProxy */;
		};
/* End PBXTargetDependency section */

/* Begin XCBuildConfiguration section */
		C7EDA2DB193E430C0048EAF3 /* Debug */ = {
			isa = XCBuildConfiguration;
			buildSettings = {
				ALWAYS_SEARCH_USER_PATHS = NO;
				CLANG_CXX_LANGUAGE_STANDARD = "gnu++0x";
				CLANG_CXX_LIBRARY = "libc++";
				CLANG_ENABLE_MODULES = YES;
				CLANG_ENABLE_OBJC_ARC = YES;
				CLANG_WARN_BOOL_CONVERSION = YES;
				CLANG_WARN_CONSTANT_CONVERSION = YES;
				CLANG_WARN_DIRECT_OBJC_ISA_USAGE = YES_ERROR;
				CLANG_WARN_EMPTY_BODY = YES;
				CLANG_WARN_ENUM_CONVERSION = YES;
				CLANG_WARN_INT_CONVERSION = YES;
				CLANG_WARN_OBJC_ROOT_CLASS = YES_ERROR;
				CLANG_WARN_UNREACHABLE_CODE = YES;
				CLANG_WARN__DUPLICATE_METHOD_MATCH = YES;
				"CODE_SIGN_IDENTITY[sdk=iphoneos*]" = "iPhone Developer";
				COPY_PHASE_STRIP = NO;
				ENABLE_STRICT_OBJC_MSGSEND = YES;
				GCC_C_LANGUAGE_STANDARD = gnu99;
				GCC_DYNAMIC_NO_PIC = NO;
				GCC_OPTIMIZATION_LEVEL = 0;
				GCC_PREPROCESSOR_DEFINITIONS = (
					"DEBUG=1",
					"$(inherited)",
				);
				GCC_SYMBOLS_PRIVATE_EXTERN = NO;
				GCC_WARN_64_TO_32_BIT_CONVERSION = YES;
				GCC_WARN_ABOUT_RETURN_TYPE = YES_ERROR;
				GCC_WARN_UNDECLARED_SELECTOR = YES;
				GCC_WARN_UNINITIALIZED_AUTOS = YES_AGGRESSIVE;
				GCC_WARN_UNUSED_FUNCTION = YES;
				GCC_WARN_UNUSED_VARIABLE = YES;
				IPHONEOS_DEPLOYMENT_TARGET = 8.0;
				METAL_ENABLE_DEBUG_INFO = YES;
				ONLY_ACTIVE_ARCH = YES;
				SDKROOT = iphoneos;
				SWIFT_OPTIMIZATION_LEVEL = "-Onone";
			};
			name = Debug;
		};
		C7EDA2DC193E430C0048EAF3 /* Release */ = {
			isa = XCBuildConfiguration;
			buildSettings = {
				ALWAYS_SEARCH_USER_PATHS = NO;
				CLANG_CXX_LANGUAGE_STANDARD = "gnu++0x";
				CLANG_CXX_LIBRARY = "libc++";
				CLANG_ENABLE_MODULES = YES;
				CLANG_ENABLE_OBJC_ARC = YES;
				CLANG_WARN_BOOL_CONVERSION = YES;
				CLANG_WARN_CONSTANT_CONVERSION = YES;
				CLANG_WARN_DIRECT_OBJC_ISA_USAGE = YES_ERROR;
				CLANG_WARN_EMPTY_BODY = YES;
				CLANG_WARN_ENUM_CONVERSION = YES;
				CLANG_WARN_INT_CONVERSION = YES;
				CLANG_WARN_OBJC_ROOT_CLASS = YES_ERROR;
				CLANG_WARN_UNREACHABLE_CODE = YES;
				CLANG_WARN__DUPLICATE_METHOD_MATCH = YES;
				"CODE_SIGN_IDENTITY[sdk=iphoneos*]" = "iPhone Developer";
				COPY_PHASE_STRIP = YES;
				ENABLE_NS_ASSERTIONS = NO;
				ENABLE_STRICT_OBJC_MSGSEND = YES;
				GCC_C_LANGUAGE_STANDARD = gnu99;
				GCC_WARN_64_TO_32_BIT_CONVERSION = YES;
				GCC_WARN_ABOUT_RETURN_TYPE = YES_ERROR;
				GCC_WARN_UNDECLARED_SELECTOR = YES;
				GCC_WARN_UNINITIALIZED_AUTOS = YES_AGGRESSIVE;
				GCC_WARN_UNUSED_FUNCTION = YES;
				GCC_WARN_UNUSED_VARIABLE = YES;
				IPHONEOS_DEPLOYMENT_TARGET = 8.0;
				METAL_ENABLE_DEBUG_INFO = NO;
				SDKROOT = iphoneos;
				VALIDATE_PRODUCT = YES;
			};
			name = Release;
		};
		C7EDA2DE193E430C0048EAF3 /* Debug */ = {
			isa = XCBuildConfiguration;
			buildSettings = {
				ASSETCATALOG_COMPILER_APPICON_NAME = AppIcon;
				ASSETCATALOG_COMPILER_LAUNCHIMAGE_NAME = LaunchImage;
				INFOPLIST_FILE = "SwiftSugar/Supporting Files/Info.plist";
				LD_RUNPATH_SEARCH_PATHS = "$(inherited) @executable_path/Frameworks";
				PRODUCT_NAME = "$(TARGET_NAME)";
			};
			name = Debug;
		};
		C7EDA2DF193E430C0048EAF3 /* Release */ = {
			isa = XCBuildConfiguration;
			buildSettings = {
				ASSETCATALOG_COMPILER_APPICON_NAME = AppIcon;
				ASSETCATALOG_COMPILER_LAUNCHIMAGE_NAME = LaunchImage;
				INFOPLIST_FILE = "SwiftSugar/Supporting Files/Info.plist";
				LD_RUNPATH_SEARCH_PATHS = "$(inherited) @executable_path/Frameworks";
				PRODUCT_NAME = "$(TARGET_NAME)";
			};
			name = Release;
		};
		C7EDA2E1193E430C0048EAF3 /* Debug */ = {
			isa = XCBuildConfiguration;
			buildSettings = {
				BUNDLE_LOADER = "$(BUILT_PRODUCTS_DIR)/SwiftSugar.app/SwiftSugar";
				FRAMEWORK_SEARCH_PATHS = (
					"$(SDKROOT)/Developer/Library/Frameworks",
					"$(inherited)",
				);
				GCC_PREPROCESSOR_DEFINITIONS = (
					"DEBUG=1",
					"$(inherited)",
				);
				GCC_SYMBOLS_PRIVATE_EXTERN = NO;
				INFOPLIST_FILE = SwiftSugarTests/Info.plist;
				LD_RUNPATH_SEARCH_PATHS = "$(inherited) @executable_path/Frameworks @loader_path/Frameworks";
				METAL_ENABLE_DEBUG_INFO = YES;
				PRODUCT_NAME = "$(TARGET_NAME)";
				TEST_HOST = "$(BUNDLE_LOADER)";
			};
			name = Debug;
		};
		C7EDA2E2193E430C0048EAF3 /* Release */ = {
			isa = XCBuildConfiguration;
			buildSettings = {
				BUNDLE_LOADER = "$(BUILT_PRODUCTS_DIR)/SwiftSugar.app/SwiftSugar";
				FRAMEWORK_SEARCH_PATHS = (
					"$(SDKROOT)/Developer/Library/Frameworks",
					"$(inherited)",
				);
				GCC_SYMBOLS_PRIVATE_EXTERN = NO;
				INFOPLIST_FILE = SwiftSugarTests/Info.plist;
				LD_RUNPATH_SEARCH_PATHS = "$(inherited) @executable_path/Frameworks @loader_path/Frameworks";
				METAL_ENABLE_DEBUG_INFO = NO;
				PRODUCT_NAME = "$(TARGET_NAME)";
				TEST_HOST = "$(BUNDLE_LOADER)";
			};
			name = Release;
		};
/* End XCBuildConfiguration section */

/* Begin XCConfigurationList section */
		C7EDA2C1193E430C0048EAF3 /* Build configuration list for PBXProject "SwiftSugar" */ = {
			isa = XCConfigurationList;
			buildConfigurations = (
				C7EDA2DB193E430C0048EAF3 /* Debug */,
				C7EDA2DC193E430C0048EAF3 /* Release */,
			);
			defaultConfigurationIsVisible = 0;
			defaultConfigurationName = Release;
		};
		C7EDA2DD193E430C0048EAF3 /* Build configuration list for PBXNativeTarget "SwiftSugar" */ = {
			isa = XCConfigurationList;
			buildConfigurations = (
				C7EDA2DE193E430C0048EAF3 /* Debug */,
				C7EDA2DF193E430C0048EAF3 /* Release */,
			);
			defaultConfigurationIsVisible = 0;
			defaultConfigurationName = Release;
		};
		C7EDA2E0193E430C0048EAF3 /* Build configuration list for PBXNativeTarget "SwiftSugarTests" */ = {
			isa = XCConfigurationList;
			buildConfigurations = (
				C7EDA2E1193E430C0048EAF3 /* Debug */,
				C7EDA2E2193E430C0048EAF3 /* Release */,
			);
			defaultConfigurationIsVisible = 0;
			defaultConfigurationName = Release;
		};
/* End XCConfigurationList section */
	};
	rootObject = C7EDA2BE193E430C0048EAF3 /* Project object */;
}
