// !$*UTF8*$!
{
	archiveVersion = 1;
	classes = {
	};
	objectVersion = 46;
	objects = {

/* Begin PBXBuildFile section */
		B2A4FED71B2A5954005D072C /* SwiftSugarFramework.h in Headers */ = {isa = PBXBuildFile; fileRef = B2A4FED61B2A5954005D072C /* SwiftSugarFramework.h */; settings = {ATTRIBUTES = (Public, ); }; };
		B2A4FEDE1B2A5954005D072C /* SwiftSugarFramework.framework in Frameworks */ = {isa = PBXBuildFile; fileRef = B2A4FED41B2A5954005D072C /* SwiftSugarFramework.framework */; };
		B2A4FF011B2A5A5B005D072C /* ArrayExtensions.swift in Sources */ = {isa = PBXBuildFile; fileRef = B2A4FEFD1B2A5A5B005D072C /* ArrayExtensions.swift */; };
		B2A4FF031B2A5A5B005D072C /* IntExtensions.swift in Sources */ = {isa = PBXBuildFile; fileRef = B2A4FEFE1B2A5A5B005D072C /* IntExtensions.swift */; };
		B2A4FF051B2A5A5B005D072C /* StringExtensions.swift in Sources */ = {isa = PBXBuildFile; fileRef = B2A4FEFF1B2A5A5B005D072C /* StringExtensions.swift */; };
		B2A4FF071B2A5A5B005D072C /* SwiftSugar.swift in Sources */ = {isa = PBXBuildFile; fileRef = B2A4FF001B2A5A5B005D072C /* SwiftSugar.swift */; };
		B2A4FF0B1B2A5A7A005D072C /* ArrayExtensionsTests.swift in Sources */ = {isa = PBXBuildFile; fileRef = B2A4FF091B2A5A7A005D072C /* ArrayExtensionsTests.swift */; };
		B2A4FF0C1B2A5A7A005D072C /* IntExtensionsTests.swift in Sources */ = {isa = PBXBuildFile; fileRef = B2A4FF0A1B2A5A7A005D072C /* IntExtensionsTests.swift */; };
/* End PBXBuildFile section */

/* Begin PBXContainerItemProxy section */
		B2A4FEDF1B2A5954005D072C /* PBXContainerItemProxy */ = {
			isa = PBXContainerItemProxy;
			containerPortal = C7EDA2BE193E430C0048EAF3 /* Project object */;
			proxyType = 1;
			remoteGlobalIDString = B2A4FED31B2A5954005D072C;
			remoteInfo = SwiftSugarFramework;
		};
/* End PBXContainerItemProxy section */

/* Begin PBXFileReference section */
		B2A4FED41B2A5954005D072C /* SwiftSugarFramework.framework */ = {isa = PBXFileReference; explicitFileType = wrapper.framework; includeInIndex = 0; path = SwiftSugarFramework.framework; sourceTree = BUILT_PRODUCTS_DIR; };
		B2A4FED61B2A5954005D072C /* SwiftSugarFramework.h */ = {isa = PBXFileReference; lastKnownFileType = sourcecode.c.h; path = SwiftSugarFramework.h; sourceTree = "<group>"; };
		B2A4FED81B2A5954005D072C /* Info.plist */ = {isa = PBXFileReference; lastKnownFileType = text.plist.xml; path = Info.plist; sourceTree = "<group>"; };
		B2A4FEDD1B2A5954005D072C /* SwiftSugarFrameworkTests.xctest */ = {isa = PBXFileReference; explicitFileType = wrapper.cfbundle; includeInIndex = 0; path = SwiftSugarFrameworkTests.xctest; sourceTree = BUILT_PRODUCTS_DIR; };
		B2A4FEE41B2A5954005D072C /* Info.plist */ = {isa = PBXFileReference; lastKnownFileType = text.plist.xml; path = Info.plist; sourceTree = "<group>"; };
		B2A4FEFD1B2A5A5B005D072C /* ArrayExtensions.swift */ = {isa = PBXFileReference; fileEncoding = 4; lastKnownFileType = sourcecode.swift; path = ArrayExtensions.swift; sourceTree = "<group>"; };
		B2A4FEFE1B2A5A5B005D072C /* IntExtensions.swift */ = {isa = PBXFileReference; fileEncoding = 4; lastKnownFileType = sourcecode.swift; path = IntExtensions.swift; sourceTree = "<group>"; };
		B2A4FEFF1B2A5A5B005D072C /* StringExtensions.swift */ = {isa = PBXFileReference; fileEncoding = 4; lastKnownFileType = sourcecode.swift; path = StringExtensions.swift; sourceTree = "<group>"; };
		B2A4FF001B2A5A5B005D072C /* SwiftSugar.swift */ = {isa = PBXFileReference; fileEncoding = 4; lastKnownFileType = sourcecode.swift; path = SwiftSugar.swift; sourceTree = "<group>"; };
		B2A4FF091B2A5A7A005D072C /* ArrayExtensionsTests.swift */ = {isa = PBXFileReference; fileEncoding = 4; lastKnownFileType = sourcecode.swift; path = ArrayExtensionsTests.swift; sourceTree = "<group>"; };
		B2A4FF0A1B2A5A7A005D072C /* IntExtensionsTests.swift */ = {isa = PBXFileReference; fileEncoding = 4; lastKnownFileType = sourcecode.swift; path = IntExtensionsTests.swift; sourceTree = "<group>"; };
/* End PBXFileReference section */

/* Begin PBXFrameworksBuildPhase section */
		B2A4FED01B2A5954005D072C /* Frameworks */ = {
			isa = PBXFrameworksBuildPhase;
			buildActionMask = 2147483647;
			files = (
			);
			runOnlyForDeploymentPostprocessing = 0;
		};
		B2A4FEDA1B2A5954005D072C /* Frameworks */ = {
			isa = PBXFrameworksBuildPhase;
			buildActionMask = 2147483647;
			files = (
				B2A4FEDE1B2A5954005D072C /* SwiftSugarFramework.framework in Frameworks */,
			);
			runOnlyForDeploymentPostprocessing = 0;
		};
/* End PBXFrameworksBuildPhase section */

/* Begin PBXGroup section */
		B2A4FED51B2A5954005D072C /* SwiftSugarFramework */ = {
			isa = PBXGroup;
			children = (
				B2A4FEFC1B2A5A5B005D072C /* SwiftSugar */,
				B2A4FED61B2A5954005D072C /* SwiftSugarFramework.h */,
				B2A4FED81B2A5954005D072C /* Info.plist */,
			);
			path = SwiftSugarFramework;
			sourceTree = "<group>";
		};
		B2A4FEE11B2A5954005D072C /* SwiftSugarFrameworkTests */ = {
			isa = PBXGroup;
			children = (
				B2A4FF091B2A5A7A005D072C /* ArrayExtensionsTests.swift */,
				B2A4FF0A1B2A5A7A005D072C /* IntExtensionsTests.swift */,
				B2A4FEE41B2A5954005D072C /* Info.plist */,
			);
			path = SwiftSugarFrameworkTests;
			sourceTree = "<group>";
		};
		B2A4FEFC1B2A5A5B005D072C /* SwiftSugar */ = {
			isa = PBXGroup;
			children = (
				B2A4FEFD1B2A5A5B005D072C /* ArrayExtensions.swift */,
				B2A4FEFE1B2A5A5B005D072C /* IntExtensions.swift */,
				B2A4FEFF1B2A5A5B005D072C /* StringExtensions.swift */,
				B2A4FF001B2A5A5B005D072C /* SwiftSugar.swift */,
			);
			path = SwiftSugar;
			sourceTree = "<group>";
		};
		C7EDA2BD193E430C0048EAF3 = {
			isa = PBXGroup;
			children = (
				B2A4FED51B2A5954005D072C /* SwiftSugarFramework */,
				B2A4FEE11B2A5954005D072C /* SwiftSugarFrameworkTests */,
				C7EDA2C7193E430C0048EAF3 /* Products */,
			);
			sourceTree = "<group>";
		};
		C7EDA2C7193E430C0048EAF3 /* Products */ = {
			isa = PBXGroup;
			children = (
				B2A4FED41B2A5954005D072C /* SwiftSugarFramework.framework */,
				B2A4FEDD1B2A5954005D072C /* SwiftSugarFrameworkTests.xctest */,
			);
			name = Products;
			sourceTree = "<group>";
		};
/* End PBXGroup section */

/* Begin PBXHeadersBuildPhase section */
		B2A4FED11B2A5954005D072C /* Headers */ = {
			isa = PBXHeadersBuildPhase;
			buildActionMask = 2147483647;
			files = (
				B2A4FED71B2A5954005D072C /* SwiftSugarFramework.h in Headers */,
			);
			runOnlyForDeploymentPostprocessing = 0;
		};
/* End PBXHeadersBuildPhase section */

/* Begin PBXNativeTarget section */
		B2A4FED31B2A5954005D072C /* SwiftSugarFramework */ = {
			isa = PBXNativeTarget;
			buildConfigurationList = B2A4FEE51B2A5954005D072C /* Build configuration list for PBXNativeTarget "SwiftSugarFramework" */;
			buildPhases = (
				B2A4FECF1B2A5954005D072C /* Sources */,
				B2A4FED01B2A5954005D072C /* Frameworks */,
				B2A4FED11B2A5954005D072C /* Headers */,
				B2A4FED21B2A5954005D072C /* Resources */,
			);
			buildRules = (
			);
			dependencies = (
			);
			name = SwiftSugarFramework;
			productName = SwiftSugarFramework;
			productReference = B2A4FED41B2A5954005D072C /* SwiftSugarFramework.framework */;
			productType = "com.apple.product-type.framework";
		};
		B2A4FEDC1B2A5954005D072C /* SwiftSugarFrameworkTests */ = {
			isa = PBXNativeTarget;
			buildConfigurationList = B2A4FEE81B2A5954005D072C /* Build configuration list for PBXNativeTarget "SwiftSugarFrameworkTests" */;
			buildPhases = (
				B2A4FED91B2A5954005D072C /* Sources */,
				B2A4FEDA1B2A5954005D072C /* Frameworks */,
				B2A4FEDB1B2A5954005D072C /* Resources */,
			);
			buildRules = (
			);
			dependencies = (
				B2A4FEE01B2A5954005D072C /* PBXTargetDependency */,
			);
			name = SwiftSugarFrameworkTests;
			productName = SwiftSugarFrameworkTests;
			productReference = B2A4FEDD1B2A5954005D072C /* SwiftSugarFrameworkTests.xctest */;
			productType = "com.apple.product-type.bundle.unit-test";
		};
/* End PBXNativeTarget section */

/* Begin PBXProject section */
		C7EDA2BE193E430C0048EAF3 /* Project object */ = {
			isa = PBXProject;
			attributes = {
				LastSwiftUpdateCheck = 0700;
				LastUpgradeCheck = 0700;
				ORGANIZATIONNAME = SF;
				TargetAttributes = {
					B2A4FED31B2A5954005D072C = {
						CreatedOnToolsVersion = 7.0;
					};
					B2A4FEDC1B2A5954005D072C = {
						CreatedOnToolsVersion = 7.0;
					};
				};
			};
			buildConfigurationList = C7EDA2C1193E430C0048EAF3 /* Build configuration list for PBXProject "SwiftSugar" */;
			compatibilityVersion = "Xcode 3.2";
			developmentRegion = English;
			hasScannedForEncodings = 0;
			knownRegions = (
				en,
			);
			mainGroup = C7EDA2BD193E430C0048EAF3;
			productRefGroup = C7EDA2C7193E430C0048EAF3 /* Products */;
			projectDirPath = "";
			projectRoot = "";
			targets = (
				B2A4FED31B2A5954005D072C /* SwiftSugarFramework */,
				B2A4FEDC1B2A5954005D072C /* SwiftSugarFrameworkTests */,
			);
		};
/* End PBXProject section */

/* Begin PBXResourcesBuildPhase section */
		B2A4FED21B2A5954005D072C /* Resources */ = {
			isa = PBXResourcesBuildPhase;
			buildActionMask = 2147483647;
			files = (
			);
			runOnlyForDeploymentPostprocessing = 0;
		};
		B2A4FEDB1B2A5954005D072C /* Resources */ = {
			isa = PBXResourcesBuildPhase;
			buildActionMask = 2147483647;
			files = (
			);
			runOnlyForDeploymentPostprocessing = 0;
		};
/* End PBXResourcesBuildPhase section */

/* Begin PBXSourcesBuildPhase section */
		B2A4FECF1B2A5954005D072C /* Sources */ = {
			isa = PBXSourcesBuildPhase;
			buildActionMask = 2147483647;
			files = (
				B2A4FF011B2A5A5B005D072C /* ArrayExtensions.swift in Sources */,
				B2A4FF071B2A5A5B005D072C /* SwiftSugar.swift in Sources */,
				B2A4FF051B2A5A5B005D072C /* StringExtensions.swift in Sources */,
				B2A4FF031B2A5A5B005D072C /* IntExtensions.swift in Sources */,
			);
			runOnlyForDeploymentPostprocessing = 0;
		};
		B2A4FED91B2A5954005D072C /* Sources */ = {
			isa = PBXSourcesBuildPhase;
			buildActionMask = 2147483647;
			files = (
				B2A4FF0C1B2A5A7A005D072C /* IntExtensionsTests.swift in Sources */,
				B2A4FF0B1B2A5A7A005D072C /* ArrayExtensionsTests.swift in Sources */,
			);
			runOnlyForDeploymentPostprocessing = 0;
		};
/* End PBXSourcesBuildPhase section */

/* Begin PBXTargetDependency section */
		B2A4FEE01B2A5954005D072C /* PBXTargetDependency */ = {
			isa = PBXTargetDependency;
			target = B2A4FED31B2A5954005D072C /* SwiftSugarFramework */;
			targetProxy = B2A4FEDF1B2A5954005D072C /* PBXContainerItemProxy */;
		};
/* End PBXTargetDependency section */

/* Begin XCBuildConfiguration section */
		B2A4FEE61B2A5954005D072C /* Debug */ = {
			isa = XCBuildConfiguration;
			buildSettings = {
				CURRENT_PROJECT_VERSION = 1;
				DEBUG_INFORMATION_FORMAT = dwarf;
				DEFINES_MODULE = YES;
				DYLIB_COMPATIBILITY_VERSION = 1;
				DYLIB_CURRENT_VERSION = 1;
				DYLIB_INSTALL_NAME_BASE = "@rpath";
				GCC_NO_COMMON_BLOCKS = YES;
				INFOPLIST_FILE = SwiftSugarFramework/Info.plist;
				INSTALL_PATH = "$(LOCAL_LIBRARY_DIR)/Frameworks";
				IPHONEOS_DEPLOYMENT_TARGET = 9.0;
				LD_RUNPATH_SEARCH_PATHS = "$(inherited) @executable_path/Frameworks @loader_path/Frameworks";
				MTL_ENABLE_DEBUG_INFO = YES;
				PRODUCT_BUNDLE_IDENTIFIER = com.ruiperes.SwiftSugarFramework;
				PRODUCT_NAME = "$(TARGET_NAME)";
				SKIP_INSTALL = YES;
				TARGETED_DEVICE_FAMILY = "1,2";
				VERSIONING_SYSTEM = "apple-generic";
				VERSION_INFO_PREFIX = "";
			};
			name = Debug;
		};
		B2A4FEE71B2A5954005D072C /* Release */ = {
			isa = XCBuildConfiguration;
			buildSettings = {
				COPY_PHASE_STRIP = NO;
				CURRENT_PROJECT_VERSION = 1;
				DEBUG_INFORMATION_FORMAT = "dwarf-with-dsym";
				DEFINES_MODULE = YES;
				DYLIB_COMPATIBILITY_VERSION = 1;
				DYLIB_CURRENT_VERSION = 1;
				DYLIB_INSTALL_NAME_BASE = "@rpath";
				GCC_NO_COMMON_BLOCKS = YES;
				INFOPLIST_FILE = SwiftSugarFramework/Info.plist;
				INSTALL_PATH = "$(LOCAL_LIBRARY_DIR)/Frameworks";
				IPHONEOS_DEPLOYMENT_TARGET = 9.0;
				LD_RUNPATH_SEARCH_PATHS = "$(inherited) @executable_path/Frameworks @loader_path/Frameworks";
				MTL_ENABLE_DEBUG_INFO = NO;
				PRODUCT_BUNDLE_IDENTIFIER = com.ruiperes.SwiftSugarFramework;
				PRODUCT_NAME = "$(TARGET_NAME)";
				SKIP_INSTALL = YES;
				TARGETED_DEVICE_FAMILY = "1,2";
				VERSIONING_SYSTEM = "apple-generic";
				VERSION_INFO_PREFIX = "";
			};
			name = Release;
		};
		B2A4FEE91B2A5954005D072C /* Debug */ = {
			isa = XCBuildConfiguration;
			buildSettings = {
				DEBUG_INFORMATION_FORMAT = dwarf;
				GCC_NO_COMMON_BLOCKS = YES;
				INFOPLIST_FILE = SwiftSugarFrameworkTests/Info.plist;
				IPHONEOS_DEPLOYMENT_TARGET = 9.0;
				LD_RUNPATH_SEARCH_PATHS = "$(inherited) @executable_path/Frameworks @loader_path/Frameworks";
				MTL_ENABLE_DEBUG_INFO = YES;
				PRODUCT_BUNDLE_IDENTIFIER = com.ruiperes.SwiftSugarFrameworkTests;
				PRODUCT_NAME = "$(TARGET_NAME)";
			};
			name = Debug;
		};
		B2A4FEEA1B2A5954005D072C /* Release */ = {
			isa = XCBuildConfiguration;
			buildSettings = {
				COPY_PHASE_STRIP = NO;
				DEBUG_INFORMATION_FORMAT = "dwarf-with-dsym";
				GCC_NO_COMMON_BLOCKS = YES;
				INFOPLIST_FILE = SwiftSugarFrameworkTests/Info.plist;
				IPHONEOS_DEPLOYMENT_TARGET = 9.0;
				LD_RUNPATH_SEARCH_PATHS = "$(inherited) @executable_path/Frameworks @loader_path/Frameworks";
				MTL_ENABLE_DEBUG_INFO = NO;
				PRODUCT_BUNDLE_IDENTIFIER = com.ruiperes.SwiftSugarFrameworkTests;
				PRODUCT_NAME = "$(TARGET_NAME)";
			};
			name = Release;
		};
		C7EDA2DB193E430C0048EAF3 /* Debug */ = {
			isa = XCBuildConfiguration;
			buildSettings = {
				ALWAYS_SEARCH_USER_PATHS = NO;
				CLANG_CXX_LANGUAGE_STANDARD = "gnu++0x";
				CLANG_CXX_LIBRARY = "libc++";
				CLANG_ENABLE_MODULES = YES;
				CLANG_ENABLE_OBJC_ARC = YES;
				CLANG_WARN_BOOL_CONVERSION = YES;
				CLANG_WARN_CONSTANT_CONVERSION = YES;
				CLANG_WARN_DIRECT_OBJC_ISA_USAGE = YES_ERROR;
				CLANG_WARN_EMPTY_BODY = YES;
				CLANG_WARN_ENUM_CONVERSION = YES;
				CLANG_WARN_INT_CONVERSION = YES;
				CLANG_WARN_OBJC_ROOT_CLASS = YES_ERROR;
				CLANG_WARN_UNREACHABLE_CODE = YES;
				CLANG_WARN__DUPLICATE_METHOD_MATCH = YES;
				"CODE_SIGN_IDENTITY[sdk=iphoneos*]" = "iPhone Developer";
				COPY_PHASE_STRIP = NO;
				ENABLE_STRICT_OBJC_MSGSEND = YES;
				ENABLE_TESTABILITY = YES;
				GCC_C_LANGUAGE_STANDARD = gnu99;
				GCC_DYNAMIC_NO_PIC = NO;
				GCC_OPTIMIZATION_LEVEL = 0;
				GCC_PREPROCESSOR_DEFINITIONS = (
					"DEBUG=1",
					"$(inherited)",
				);
				GCC_SYMBOLS_PRIVATE_EXTERN = NO;
				GCC_WARN_64_TO_32_BIT_CONVERSION = YES;
				GCC_WARN_ABOUT_RETURN_TYPE = YES_ERROR;
				GCC_WARN_UNDECLARED_SELECTOR = YES;
				GCC_WARN_UNINITIALIZED_AUTOS = YES_AGGRESSIVE;
				GCC_WARN_UNUSED_FUNCTION = YES;
				GCC_WARN_UNUSED_VARIABLE = YES;
				IPHONEOS_DEPLOYMENT_TARGET = 8.0;
				METAL_ENABLE_DEBUG_INFO = YES;
				ONLY_ACTIVE_ARCH = YES;
				SDKROOT = iphoneos;
				SWIFT_OPTIMIZATION_LEVEL = "-Onone";
			};
			name = Debug;
		};
		C7EDA2DC193E430C0048EAF3 /* Release */ = {
			isa = XCBuildConfiguration;
			buildSettings = {
				ALWAYS_SEARCH_USER_PATHS = NO;
				CLANG_CXX_LANGUAGE_STANDARD = "gnu++0x";
				CLANG_CXX_LIBRARY = "libc++";
				CLANG_ENABLE_MODULES = YES;
				CLANG_ENABLE_OBJC_ARC = YES;
				CLANG_WARN_BOOL_CONVERSION = YES;
				CLANG_WARN_CONSTANT_CONVERSION = YES;
				CLANG_WARN_DIRECT_OBJC_ISA_USAGE = YES_ERROR;
				CLANG_WARN_EMPTY_BODY = YES;
				CLANG_WARN_ENUM_CONVERSION = YES;
				CLANG_WARN_INT_CONVERSION = YES;
				CLANG_WARN_OBJC_ROOT_CLASS = YES_ERROR;
				CLANG_WARN_UNREACHABLE_CODE = YES;
				CLANG_WARN__DUPLICATE_METHOD_MATCH = YES;
				"CODE_SIGN_IDENTITY[sdk=iphoneos*]" = "iPhone Developer";
				COPY_PHASE_STRIP = YES;
				ENABLE_NS_ASSERTIONS = NO;
				ENABLE_STRICT_OBJC_MSGSEND = YES;
				GCC_C_LANGUAGE_STANDARD = gnu99;
				GCC_WARN_64_TO_32_BIT_CONVERSION = YES;
				GCC_WARN_ABOUT_RETURN_TYPE = YES_ERROR;
				GCC_WARN_UNDECLARED_SELECTOR = YES;
				GCC_WARN_UNINITIALIZED_AUTOS = YES_AGGRESSIVE;
				GCC_WARN_UNUSED_FUNCTION = YES;
				GCC_WARN_UNUSED_VARIABLE = YES;
				IPHONEOS_DEPLOYMENT_TARGET = 8.0;
				METAL_ENABLE_DEBUG_INFO = NO;
				SDKROOT = iphoneos;
				VALIDATE_PRODUCT = YES;
			};
			name = Release;
		};
/* End XCBuildConfiguration section */

/* Begin XCConfigurationList section */
		B2A4FEE51B2A5954005D072C /* Build configuration list for PBXNativeTarget "SwiftSugarFramework" */ = {
			isa = XCConfigurationList;
			buildConfigurations = (
				B2A4FEE61B2A5954005D072C /* Debug */,
				B2A4FEE71B2A5954005D072C /* Release */,
			);
			defaultConfigurationIsVisible = 0;
			defaultConfigurationName = Release;
		};
		B2A4FEE81B2A5954005D072C /* Build configuration list for PBXNativeTarget "SwiftSugarFrameworkTests" */ = {
			isa = XCConfigurationList;
			buildConfigurations = (
				B2A4FEE91B2A5954005D072C /* Debug */,
				B2A4FEEA1B2A5954005D072C /* Release */,
			);
			defaultConfigurationIsVisible = 0;
			defaultConfigurationName = Release;
		};
		C7EDA2C1193E430C0048EAF3 /* Build configuration list for PBXProject "SwiftSugar" */ = {
			isa = XCConfigurationList;
			buildConfigurations = (
				C7EDA2DB193E430C0048EAF3 /* Debug */,
				C7EDA2DC193E430C0048EAF3 /* Release */,
			);
			defaultConfigurationIsVisible = 0;
			defaultConfigurationName = Release;
		};
/* End XCConfigurationList section */
	};
	rootObject = C7EDA2BE193E430C0048EAF3 /* Project object */;
}
